
Microsoft Visual Studio Solution File, Format Version 12.00
# Visual Studio Version 17
VisualStudioVersion = 17.14.36414.22
MinimumVisualStudioVersion = 10.0.40219.1
Project("{FAE04EC0-301F-11D3-BF4B-00C04F79EFBC}") = "ControleDeEstoque.API", "ControleDeEstoque.API\ControleDeEstoque.API.csproj", "{2FFA94DE-FF24-DED5-B11A-208A44FE5CB2}"
EndProject
Project("{FAE04EC0-301F-11D3-BF4B-00C04F79EFBC}") = "ControleDeEstoque.Domain", "ControleDeEstoque.Domain\ControleDeEstoque.Domain.csproj", "{CC726CA2-2D3A-58FA-F3B0-0CD234E3FFA2}"
EndProject
Project("{FAE04EC0-301F-11D3-BF4B-00C04F79EFBC}") = "ControleDeEstoque.Infra", "ControleDeEstoque.Infra\ControleDeEstoque.Infra.csproj", "{BF7E2174-65CE-D784-61FD-3EF9AA8B05B5}"
EndProject
Project("{FAE04EC0-301F-11D3-BF4B-00C04F79EFBC}") = "ControleDeEstoque.Application", "ControleDeEstoque.Application\ControleDeEstoque.Application.csproj", "{618E2067-61C9-4618-A182-FC39AB52F13C}"
EndProject
Global
	GlobalSection(SolutionConfigurationPlatforms) = preSolution
		Debug|Any CPU = Debug|Any CPU
		Release|Any CPU = Release|Any CPU
	EndGlobalSection
	GlobalSection(ProjectConfigurationPlatforms) = postSolution
		{2FFA94DE-FF24-DED5-B11A-208A44FE5CB2}.Debug|Any CPU.ActiveCfg = Debug|Any CPU
		{2FFA94DE-FF24-DED5-B11A-208A44FE5CB2}.Debug|Any CPU.Build.0 = Debug|Any CPU
		{2FFA94DE-FF24-DED5-B11A-208A44FE5CB2}.Release|Any CPU.ActiveCfg = Release|Any CPU
		{2FFA94DE-FF24-DED5-B11A-208A44FE5CB2}.Release|Any CPU.Build.0 = Release|Any CPU
		{CC726CA2-2D3A-58FA-F3B0-0CD234E3FFA2}.Debug|Any CPU.ActiveCfg = Debug|Any CPU
		{CC726CA2-2D3A-58FA-F3B0-0CD234E3FFA2}.Debug|Any CPU.Build.0 = Debug|Any CPU
		{CC726CA2-2D3A-58FA-F3B0-0CD234E3FFA2}.Release|Any CPU.ActiveCfg = Release|Any CPU
		{CC726CA2-2D3A-58FA-F3B0-0CD234E3FFA2}.Release|Any CPU.Build.0 = Release|Any CPU
		{BF7E2174-65CE-D784-61FD-3EF9AA8B05B5}.Debug|Any CPU.ActiveCfg = Debug|Any CPU
		{BF7E2174-65CE-D784-61FD-3EF9AA8B05B5}.Debug|Any CPU.Build.0 = Debug|Any CPU
		{BF7E2174-65CE-D784-61FD-3EF9AA8B05B5}.Release|Any CPU.ActiveCfg = Release|Any CPU
		{BF7E2174-65CE-D784-61FD-3EF9AA8B05B5}.Release|Any CPU.Build.0 = Release|Any CPU
		{618E2067-61C9-4618-A182-FC39AB52F13C}.Debug|Any CPU.ActiveCfg = Debug|Any CPU
		{618E2067-61C9-4618-A182-FC39AB52F13C}.Debug|Any CPU.Build.0 = Debug|Any CPU
		{618E2067-61C9-4618-A182-FC39AB52F13C}.Release|Any CPU.ActiveCfg = Release|Any CPU
		{618E2067-61C9-4618-A182-FC39AB52F13C}.Release|Any CPU.Build.0 = Release|Any CPU
	EndGlobalSection
	GlobalSection(SolutionProperties) = preSolution
		HideSolutionNode = FALSE
	EndGlobalSection
	GlobalSection(ExtensibilityGlobals) = postSolution
		SolutionGuid = {05696A43-48B0-4296-83F3-3D42637B92A9}
	EndGlobalSection
EndGlobal
